github.com/go-kit/log v0.2.1 h1:MRVx0/zhvdseW+Gza6N9rVzU/IVzaeE1SFI4raAhmBU=
github.com/go-kit/log v0.2.1/go.mod h1:NwTd00d/i8cPZ3xOwwiv2PO5MOcx78fFErGNcVmBjv0=
github.com/go-logfmt/logfmt v0.5.1 h1:otpy5pqBCBZ1ng9RQ0dPu4PN7ba75Y/aA+UpowDyNVA=
github.com/go-logfmt/logfmt v0.5.1/go.mod h1:WYhtIu8zTZfxdn5+rREduYbwxfcBr/Vr6KEVveWlfTs=
github.com/gorilla/mux v1.8.0 h1:i40aqfkR1h2SlN9hojwV5ZA91wcXFOvkdNIeFDP5koI=
github.com/gorilla/mux v1.8.0/go.mod h1:DVbg23sWSpFRCP0SfiEN6jmj59UnW/n46BH5rLB71So=
github.com/moov-io/base v0.36.2 h1:2CWA7jIjo76mNQ1DjphXVNnw9mFCvXzmHP2AV6aUUnk=
github.com/moov-io/base v0.36.2/go.mod h1:/HKqB6Z5ZlDKuHSioAZMtMwKXDOs09mz6IClz+IMVaA=
github.com/moov-io/metro2 v0.5.2 h1:l2bGJC4hbgx7lmNCzaulXbsKQ4mD+d4gTOLapn5HC/Q=
github.com/moov-io/metro2 v0.5.2/go.mod h1:cJPSxuxhr8Tlxki2ehetpOTbIjF5cyGWtSL+AWIVSfI=
